// !$*UTF8*$!
{
	archiveVersion = 1;
	classes = {
	};
	objectVersion = 48;
	objects = {

/* Begin PBXBuildFile section */
		3CFEEE941FD372DF0027EE49 /* AppDelegate.swift in Sources */ = {isa = PBXBuildFile; fileRef = 3CFEEE931FD372DF0027EE49 /* AppDelegate.swift */; };
		3CFEEE961FD372DF0027EE49 /* Scene.sks in Resources */ = {isa = PBXBuildFile; fileRef = 3CFEEE951FD372DF0027EE49 /* Scene.sks */; };
		3CFEEE981FD372DF0027EE49 /* Scene.swift in Sources */ = {isa = PBXBuildFile; fileRef = 3CFEEE971FD372DF0027EE49 /* Scene.swift */; };
		3CFEEE9A1FD372DF0027EE49 /* ViewController.swift in Sources */ = {isa = PBXBuildFile; fileRef = 3CFEEE991FD372DF0027EE49 /* ViewController.swift */; };
		3CFEEE9D1FD372DF0027EE49 /* Main.storyboard in Resources */ = {isa = PBXBuildFile; fileRef = 3CFEEE9B1FD372DF0027EE49 /* Main.storyboard */; };
		3CFEEE9F1FD372DF0027EE49 /* Assets.xcassets in Resources */ = {isa = PBXBuildFile; fileRef = 3CFEEE9E1FD372DF0027EE49 /* Assets.xcassets */; };
		3CFEEEA21FD372DF0027EE49 /* LaunchScreen.storyboard in Resources */ = {isa = PBXBuildFile; fileRef = 3CFEEEA01FD372DF0027EE49 /* LaunchScreen.storyboard */; };
		3CFEEEAD1FD372DF0027EE49 /* SpriteKitTestTests.swift in Sources */ = {isa = PBXBuildFile; fileRef = 3CFEEEAC1FD372DF0027EE49 /* SpriteKitTestTests.swift */; };
		3CFEEEB81FD372DF0027EE49 /* SpriteKitTestUITests.swift in Sources */ = {isa = PBXBuildFile; fileRef = 3CFEEEB71FD372DF0027EE49 /* SpriteKitTestUITests.swift */; };
		3CFEEEC61FD3757B0027EE49 /* ghost.wav in Resources */ = {isa = PBXBuildFile; fileRef = 3CFEEEC51FD3757B0027EE49 /* ghost.wav */; };
/* End PBXBuildFile section */

/* Begin PBXContainerItemProxy section */
		3CFEEEA91FD372DF0027EE49 /* PBXContainerItemProxy */ = {
			isa = PBXContainerItemProxy;
			containerPortal = 3CFEEE881FD372DF0027EE49 /* Project object */;
			proxyType = 1;
			remoteGlobalIDString = 3CFEEE8F1FD372DF0027EE49;
			remoteInfo = SpriteKitTest;
		};
		3CFEEEB41FD372DF0027EE49 /* PBXContainerItemProxy */ = {
			isa = PBXContainerItemProxy;
			containerPortal = 3CFEEE881FD372DF0027EE49 /* Project object */;
			proxyType = 1;
			remoteGlobalIDString = 3CFEEE8F1FD372DF0027EE49;
			remoteInfo = SpriteKitTest;
		};
/* End PBXContainerItemProxy section */

/* Begin PBXFileReference section */
		3CFEEE901FD372DF0027EE49 /* SpriteKitTest.app */ = {isa = PBXFileReference; explicitFileType = wrapper.application; includeInIndex = 0; path = SpriteKitTest.app; sourceTree = BUILT_PRODUCTS_DIR; };
		3CFEEE931FD372DF0027EE49 /* AppDelegate.swift */ = {isa = PBXFileReference; lastKnownFileType = sourcecode.swift; path = AppDelegate.swift; sourceTree = "<group>"; };
		3CFEEE951FD372DF0027EE49 /* Scene.sks */ = {isa = PBXFileReference; lastKnownFileType = file.sks; path = Scene.sks; sourceTree = "<group>"; };
		3CFEEE971FD372DF0027EE49 /* Scene.swift */ = {isa = PBXFileReference; lastKnownFileType = sourcecode.swift; path = Scene.swift; sourceTree = "<group>"; };
		3CFEEE991FD372DF0027EE49 /* ViewController.swift */ = {isa = PBXFileReference; lastKnownFileType = sourcecode.swift; path = ViewController.swift; sourceTree = "<group>"; };
		3CFEEE9C1FD372DF0027EE49 /* Base */ = {isa = PBXFileReference; lastKnownFileType = file.storyboard; name = Base; path = Base.lproj/Main.storyboard; sourceTree = "<group>"; };
		3CFEEE9E1FD372DF0027EE49 /* Assets.xcassets */ = {isa = PBXFileReference; lastKnownFileType = folder.assetcatalog; path = Assets.xcassets; sourceTree = "<group>"; };
		3CFEEEA11FD372DF0027EE49 /* Base */ = {isa = PBXFileReference; lastKnownFileType = file.storyboard; name = Base; path = Base.lproj/LaunchScreen.storyboard; sourceTree = "<group>"; };
		3CFEEEA31FD372DF0027EE49 /* Info.plist */ = {isa = PBXFileReference; lastKnownFileType = text.plist.xml; path = Info.plist; sourceTree = "<group>"; };
		3CFEEEA81FD372DF0027EE49 /* SpriteKitTestTests.xctest */ = {isa = PBXFileReference; explicitFileType = wrapper.cfbundle; includeInIndex = 0; path = SpriteKitTestTests.xctest; sourceTree = BUILT_PRODUCTS_DIR; };
		3CFEEEAC1FD372DF0027EE49 /* SpriteKitTestTests.swift */ = {isa = PBXFileReference; lastKnownFileType = sourcecode.swift; path = SpriteKitTestTests.swift; sourceTree = "<group>"; };
		3CFEEEAE1FD372DF0027EE49 /* Info.plist */ = {isa = PBXFileReference; lastKnownFileType = text.plist.xml; path = Info.plist; sourceTree = "<group>"; };
		3CFEEEB31FD372DF0027EE49 /* SpriteKitTestUITests.xctest */ = {isa = PBXFileReference; explicitFileType = wrapper.cfbundle; includeInIndex = 0; path = SpriteKitTestUITests.xctest; sourceTree = BUILT_PRODUCTS_DIR; };
		3CFEEEB71FD372DF0027EE49 /* SpriteKitTestUITests.swift */ = {isa = PBXFileReference; lastKnownFileType = sourcecode.swift; path = SpriteKitTestUITests.swift; sourceTree = "<group>"; };
		3CFEEEB91FD372DF0027EE49 /* Info.plist */ = {isa = PBXFileReference; lastKnownFileType = text.plist.xml; path = Info.plist; sourceTree = "<group>"; };
		3CFEEEC51FD3757B0027EE49 /* ghost.wav */ = {isa = PBXFileReference; lastKnownFileType = audio.wav; path = ghost.wav; sourceTree = "<group>"; };
/* End PBXFileReference section */

/* Begin PBXFrameworksBuildPhase section */
		3CFEEE8D1FD372DF0027EE49 /* Frameworks */ = {
			isa = PBXFrameworksBuildPhase;
			buildActionMask = 2147483647;
			files = (
			);
			runOnlyForDeploymentPostprocessing = 0;
		};
		3CFEEEA51FD372DF0027EE49 /* Frameworks */ = {
			isa = PBXFrameworksBuildPhase;
			buildActionMask = 2147483647;
			files = (
			);
			runOnlyForDeploymentPostprocessing = 0;
		};
		3CFEEEB01FD372DF0027EE49 /* Frameworks */ = {
			isa = PBXFrameworksBuildPhase;
			buildActionMask = 2147483647;
			files = (
			);
			runOnlyForDeploymentPostprocessing = 0;
		};
/* End PBXFrameworksBuildPhase section */

/* Begin PBXGroup section */
		3CFEEE871FD372DF0027EE49 = {
			isa = PBXGroup;
			children = (
				3CFEEE921FD372DF0027EE49 /* SpriteKitTest */,
				3CFEEEAB1FD372DF0027EE49 /* SpriteKitTestTests */,
				3CFEEEB61FD372DF0027EE49 /* SpriteKitTestUITests */,
				3CFEEE911FD372DF0027EE49 /* Products */,
			);
			sourceTree = "<group>";
		};
		3CFEEE911FD372DF0027EE49 /* Products */ = {
			isa = PBXGroup;
			children = (
				3CFEEE901FD372DF0027EE49 /* SpriteKitTest.app */,
				3CFEEEA81FD372DF0027EE49 /* SpriteKitTestTests.xctest */,
				3CFEEEB31FD372DF0027EE49 /* SpriteKitTestUITests.xctest */,
			);
			name = Products;
			sourceTree = "<group>";
		};
		3CFEEE921FD372DF0027EE49 /* SpriteKitTest */ = {
			isa = PBXGroup;
			children = (
				3CFEEEC51FD3757B0027EE49 /* ghost.wav */,
				3CFEEE931FD372DF0027EE49 /* AppDelegate.swift */,
				3CFEEE951FD372DF0027EE49 /* Scene.sks */,
				3CFEEE971FD372DF0027EE49 /* Scene.swift */,
				3CFEEE991FD372DF0027EE49 /* ViewController.swift */,
				3CFEEE9B1FD372DF0027EE49 /* Main.storyboard */,
				3CFEEE9E1FD372DF0027EE49 /* Assets.xcassets */,
				3CFEEEA01FD372DF0027EE49 /* LaunchScreen.storyboard */,
				3CFEEEA31FD372DF0027EE49 /* Info.plist */,
			);
			path = SpriteKitTest;
			sourceTree = "<group>";
		};
		3CFEEEAB1FD372DF0027EE49 /* SpriteKitTestTests */ = {
			isa = PBXGroup;
			children = (
				3CFEEEAC1FD372DF0027EE49 /* SpriteKitTestTests.swift */,
				3CFEEEAE1FD372DF0027EE49 /* Info.plist */,
			);
			path = SpriteKitTestTests;
			sourceTree = "<group>";
		};
		3CFEEEB61FD372DF0027EE49 /* SpriteKitTestUITests */ = {
			isa = PBXGroup;
			children = (
				3CFEEEB71FD372DF0027EE49 /* SpriteKitTestUITests.swift */,
				3CFEEEB91FD372DF0027EE49 /* Info.plist */,
			);
			path = SpriteKitTestUITests;
			sourceTree = "<group>";
		};
/* End PBXGroup section */

/* Begin PBXNativeTarget section */
		3CFEEE8F1FD372DF0027EE49 /* SpriteKitTest */ = {
			isa = PBXNativeTarget;
			buildConfigurationList = 3CFEEEBC1FD372DF0027EE49 /* Build configuration list for PBXNativeTarget "SpriteKitTest" */;
			buildPhases = (
				3CFEEE8C1FD372DF0027EE49 /* Sources */,
				3CFEEE8D1FD372DF0027EE49 /* Frameworks */,
				3CFEEE8E1FD372DF0027EE49 /* Resources */,
			);
			buildRules = (
			);
			dependencies = (
			);
			name = SpriteKitTest;
			productName = SpriteKitTest;
			productReference = 3CFEEE901FD372DF0027EE49 /* SpriteKitTest.app */;
			productType = "com.apple.product-type.application";
		};
		3CFEEEA71FD372DF0027EE49 /* SpriteKitTestTests */ = {
			isa = PBXNativeTarget;
			buildConfigurationList = 3CFEEEBF1FD372DF0027EE49 /* Build configuration list for PBXNativeTarget "SpriteKitTestTests" */;
			buildPhases = (
				3CFEEEA41FD372DF0027EE49 /* Sources */,
				3CFEEEA51FD372DF0027EE49 /* Frameworks */,
				3CFEEEA61FD372DF0027EE49 /* Resources */,
			);
			buildRules = (
			);
			dependencies = (
				3CFEEEAA1FD372DF0027EE49 /* PBXTargetDependency */,
			);
			name = SpriteKitTestTests;
			productName = SpriteKitTestTests;
			productReference = 3CFEEEA81FD372DF0027EE49 /* SpriteKitTestTests.xctest */;
			productType = "com.apple.product-type.bundle.unit-test";
		};
		3CFEEEB21FD372DF0027EE49 /* SpriteKitTestUITests */ = {
			isa = PBXNativeTarget;
			buildConfigurationList = 3CFEEEC21FD372DF0027EE49 /* Build configuration list for PBXNativeTarget "SpriteKitTestUITests" */;
			buildPhases = (
				3CFEEEAF1FD372DF0027EE49 /* Sources */,
				3CFEEEB01FD372DF0027EE49 /* Frameworks */,
				3CFEEEB11FD372DF0027EE49 /* Resources */,
			);
			buildRules = (
			);
			dependencies = (
				3CFEEEB51FD372DF0027EE49 /* PBXTargetDependency */,
			);
			name = SpriteKitTestUITests;
			productName = SpriteKitTestUITests;
			productReference = 3CFEEEB31FD372DF0027EE49 /* SpriteKitTestUITests.xctest */;
			productType = "com.apple.product-type.bundle.ui-testing";
		};
/* End PBXNativeTarget section */

/* Begin PBXProject section */
		3CFEEE881FD372DF0027EE49 /* Project object */ = {
			isa = PBXProject;
			attributes = {
				LastSwiftUpdateCheck = 0910;
				LastUpgradeCheck = 0910;
				ORGANIZATIONNAME = "Jaf Crisologo";
				TargetAttributes = {
					3CFEEE8F1FD372DF0027EE49 = {
						CreatedOnToolsVersion = 9.1;
						ProvisioningStyle = Automatic;
					};
					3CFEEEA71FD372DF0027EE49 = {
						CreatedOnToolsVersion = 9.1;
						ProvisioningStyle = Automatic;
						TestTargetID = 3CFEEE8F1FD372DF0027EE49;
					};
					3CFEEEB21FD372DF0027EE49 = {
						CreatedOnToolsVersion = 9.1;
						ProvisioningStyle = Automatic;
						TestTargetID = 3CFEEE8F1FD372DF0027EE49;
					};
				};
			};
			buildConfigurationList = 3CFEEE8B1FD372DF0027EE49 /* Build configuration list for PBXProject "SpriteKitTest" */;
			compatibilityVersion = "Xcode 8.0";
			developmentRegion = en;
			hasScannedForEncodings = 0;
			knownRegions = (
				en,
				Base,
			);
			mainGroup = 3CFEEE871FD372DF0027EE49;
			productRefGroup = 3CFEEE911FD372DF0027EE49 /* Products */;
			projectDirPath = "";
			projectRoot = "";
			targets = (
				3CFEEE8F1FD372DF0027EE49 /* SpriteKitTest */,
				3CFEEEA71FD372DF0027EE49 /* SpriteKitTestTests */,
				3CFEEEB21FD372DF0027EE49 /* SpriteKitTestUITests */,
			);
		};
/* End PBXProject section */

/* Begin PBXResourcesBuildPhase section */
		3CFEEE8E1FD372DF0027EE49 /* Resources */ = {
			isa = PBXResourcesBuildPhase;
			buildActionMask = 2147483647;
			files = (
				3CFEEE961FD372DF0027EE49 /* Scene.sks in Resources */,
				3CFEEEA21FD372DF0027EE49 /* LaunchScreen.storyboard in Resources */,
				3CFEEEC61FD3757B0027EE49 /* ghost.wav in Resources */,
				3CFEEE9F1FD372DF0027EE49 /* Assets.xcassets in Resources */,
				3CFEEE9D1FD372DF0027EE49 /* Main.storyboard in Resources */,
			);
			runOnlyForDeploymentPostprocessing = 0;
		};
		3CFEEEA61FD372DF0027EE49 /* Resources */ = {
			isa = PBXResourcesBuildPhase;
			buildActionMask = 2147483647;
			files = (
			);
			runOnlyForDeploymentPostprocessing = 0;
		};
		3CFEEEB11FD372DF0027EE49 /* Resources */ = {
			isa = PBXResourcesBuildPhase;
			buildActionMask = 2147483647;
			files = (
			);
			runOnlyForDeploymentPostprocessing = 0;
		};
/* End PBXResourcesBuildPhase section */

/* Begin PBXSourcesBuildPhase section */
		3CFEEE8C1FD372DF0027EE49 /* Sources */ = {
			isa = PBXSourcesBuildPhase;
			buildActionMask = 2147483647;
			files = (
				3CFEEE9A1FD372DF0027EE49 /* ViewController.swift in Sources */,
				3CFEEE981FD372DF0027EE49 /* Scene.swift in Sources */,
				3CFEEE941FD372DF0027EE49 /* AppDelegate.swift in Sources */,
			);
			runOnlyForDeploymentPostprocessing = 0;
		};
		3CFEEEA41FD372DF0027EE49 /* Sources */ = {
			isa = PBXSourcesBuildPhase;
			buildActionMask = 2147483647;
			files = (
				3CFEEEAD1FD372DF0027EE49 /* SpriteKitTestTests.swift in Sources */,
			);
			runOnlyForDeploymentPostprocessing = 0;
		};
		3CFEEEAF1FD372DF0027EE49 /* Sources */ = {
			isa = PBXSourcesBuildPhase;
			buildActionMask = 2147483647;
			files = (
				3CFEEEB81FD372DF0027EE49 /* SpriteKitTestUITests.swift in Sources */,
			);
			runOnlyForDeploymentPostprocessing = 0;
		};
/* End PBXSourcesBuildPhase section */

/* Begin PBXTargetDependency section */
		3CFEEEAA1FD372DF0027EE49 /* PBXTargetDependency */ = {
			isa = PBXTargetDependency;
			target = 3CFEEE8F1FD372DF0027EE49 /* SpriteKitTest */;
			targetProxy = 3CFEEEA91FD372DF0027EE49 /* PBXContainerItemProxy */;
		};
		3CFEEEB51FD372DF0027EE49 /* PBXTargetDependency */ = {
			isa = PBXTargetDependency;
			target = 3CFEEE8F1FD372DF0027EE49 /* SpriteKitTest */;
			targetProxy = 3CFEEEB41FD372DF0027EE49 /* PBXContainerItemProxy */;
		};
/* End PBXTargetDependency section */

/* Begin PBXVariantGroup section */
		3CFEEE9B1FD372DF0027EE49 /* Main.storyboard */ = {
			isa = PBXVariantGroup;
			children = (
				3CFEEE9C1FD372DF0027EE49 /* Base */,
			);
			name = Main.storyboard;
			sourceTree = "<group>";
		};
		3CFEEEA01FD372DF0027EE49 /* LaunchScreen.storyboard */ = {
			isa = PBXVariantGroup;
			children = (
				3CFEEEA11FD372DF0027EE49 /* Base */,
			);
			name = LaunchScreen.storyboard;
			sourceTree = "<group>";
		};
/* End PBXVariantGroup section */

/* Begin XCBuildConfiguration section */
		3CFEEEBA1FD372DF0027EE49 /* Debug */ = {
			isa = XCBuildConfiguration;
			buildSettings = {
				ALWAYS_SEARCH_USER_PATHS = NO;
				CLANG_ANALYZER_NONNULL = YES;
				CLANG_ANALYZER_NUMBER_OBJECT_CONVERSION = YES_AGGRESSIVE;
				CLANG_CXX_LANGUAGE_STANDARD = "gnu++14";
				CLANG_CXX_LIBRARY = "libc++";
				CLANG_ENABLE_MODULES = YES;
				CLANG_ENABLE_OBJC_ARC = YES;
				CLANG_WARN_BLOCK_CAPTURE_AUTORELEASING = YES;
				CLANG_WARN_BOOL_CONVERSION = YES;
				CLANG_WARN_COMMA = YES;
				CLANG_WARN_CONSTANT_CONVERSION = YES;
				CLANG_WARN_DIRECT_OBJC_ISA_USAGE = YES_ERROR;
				CLANG_WARN_DOCUMENTATION_COMMENTS = YES;
				CLANG_WARN_EMPTY_BODY = YES;
				CLANG_WARN_ENUM_CONVERSION = YES;
				CLANG_WARN_INFINITE_RECURSION = YES;
				CLANG_WARN_INT_CONVERSION = YES;
				CLANG_WARN_NON_LITERAL_NULL_CONVERSION = YES;
				CLANG_WARN_OBJC_LITERAL_CONVERSION = YES;
				CLANG_WARN_OBJC_ROOT_CLASS = YES_ERROR;
				CLANG_WARN_RANGE_LOOP_ANALYSIS = YES;
				CLANG_WARN_STRICT_PROTOTYPES = YES;
				CLANG_WARN_SUSPICIOUS_MOVE = YES;
				CLANG_WARN_UNGUARDED_AVAILABILITY = YES_AGGRESSIVE;
				CLANG_WARN_UNREACHABLE_CODE = YES;
				CLANG_WARN__DUPLICATE_METHOD_MATCH = YES;
				CODE_SIGN_IDENTITY = "iPhone Developer";
				COPY_PHASE_STRIP = NO;
				DEBUG_INFORMATION_FORMAT = dwarf;
				ENABLE_STRICT_OBJC_MSGSEND = YES;
				ENABLE_TESTABILITY = YES;
				GCC_C_LANGUAGE_STANDARD = gnu11;
				GCC_DYNAMIC_NO_PIC = NO;
				GCC_NO_COMMON_BLOCKS = YES;
				GCC_OPTIMIZATION_LEVEL = 0;
				GCC_PREPROCESSOR_DEFINITIONS = (
					"DEBUG=1",
					"$(inherited)",
				);
				GCC_WARN_64_TO_32_BIT_CONVERSION = YES;
				GCC_WARN_ABOUT_RETURN_TYPE = YES_ERROR;
				GCC_WARN_UNDECLARED_SELECTOR = YES;
				GCC_WARN_UNINITIALIZED_AUTOS = YES_AGGRESSIVE;
				GCC_WARN_UNUSED_FUNCTION = YES;
				GCC_WARN_UNUSED_VARIABLE = YES;
				IPHONEOS_DEPLOYMENT_TARGET = 11.1;
				MTL_ENABLE_DEBUG_INFO = YES;
				ONLY_ACTIVE_ARCH = YES;
				SDKROOT = iphoneos;
				SWIFT_ACTIVE_COMPILATION_CONDITIONS = DEBUG;
				SWIFT_OPTIMIZATION_LEVEL = "-Onone";
			};
			name = Debug;
		};
		3CFEEEBB1FD372DF0027EE49 /* Release */ = {
			isa = XCBuildConfiguration;
			buildSettings = {
				ALWAYS_SEARCH_USER_PATHS = NO;
				CLANG_ANALYZER_NONNULL = YES;
				CLANG_ANALYZER_NUMBER_OBJECT_CONVERSION = YES_AGGRESSIVE;
				CLANG_CXX_LANGUAGE_STANDARD = "gnu++14";
				CLANG_CXX_LIBRARY = "libc++";
				CLANG_ENABLE_MODULES = YES;
				CLANG_ENABLE_OBJC_ARC = YES;
				CLANG_WARN_BLOCK_CAPTURE_AUTORELEASING = YES;
				CLANG_WARN_BOOL_CONVERSION = YES;
				CLANG_WARN_COMMA = YES;
				CLANG_WARN_CONSTANT_CONVERSION = YES;
				CLANG_WARN_DIRECT_OBJC_ISA_USAGE = YES_ERROR;
				CLANG_WARN_DOCUMENTATION_COMMENTS = YES;
				CLANG_WARN_EMPTY_BODY = YES;
				CLANG_WARN_ENUM_CONVERSION = YES;
				CLANG_WARN_INFINITE_RECURSION = YES;
				CLANG_WARN_INT_CONVERSION = YES;
				CLANG_WARN_NON_LITERAL_NULL_CONVERSION = YES;
				CLANG_WARN_OBJC_LITERAL_CONVERSION = YES;
				CLANG_WARN_OBJC_ROOT_CLASS = YES_ERROR;
				CLANG_WARN_RANGE_LOOP_ANALYSIS = YES;
				CLANG_WARN_STRICT_PROTOTYPES = YES;
				CLANG_WARN_SUSPICIOUS_MOVE = YES;
				CLANG_WARN_UNGUARDED_AVAILABILITY = YES_AGGRESSIVE;
				CLANG_WARN_UNREACHABLE_CODE = YES;
				CLANG_WARN__DUPLICATE_METHOD_MATCH = YES;
				CODE_SIGN_IDENTITY = "iPhone Developer";
				COPY_PHASE_STRIP = NO;
				DEBUG_INFORMATION_FORMAT = "dwarf-with-dsym";
				ENABLE_NS_ASSERTIONS = NO;
				ENABLE_STRICT_OBJC_MSGSEND = YES;
				GCC_C_LANGUAGE_STANDARD = gnu11;
				GCC_NO_COMMON_BLOCKS = YES;
				GCC_WARN_64_TO_32_BIT_CONVERSION = YES;
				GCC_WARN_ABOUT_RETURN_TYPE = YES_ERROR;
				GCC_WARN_UNDECLARED_SELECTOR = YES;
				GCC_WARN_UNINITIALIZED_AUTOS = YES_AGGRESSIVE;
				GCC_WARN_UNUSED_FUNCTION = YES;
				GCC_WARN_UNUSED_VARIABLE = YES;
				IPHONEOS_DEPLOYMENT_TARGET = 11.1;
				MTL_ENABLE_DEBUG_INFO = NO;
				SDKROOT = iphoneos;
				SWIFT_OPTIMIZATION_LEVEL = "-Owholemodule";
				VALIDATE_PRODUCT = YES;
			};
			name = Release;
		};
		3CFEEEBD1FD372DF0027EE49 /* Debug */ = {
			isa = XCBuildConfiguration;
			buildSettings = {
				ASSETCATALOG_COMPILER_APPICON_NAME = AppIcon;
				CODE_SIGN_STYLE = Automatic;
				DEVELOPMENT_TEAM = M467D9Z2F8;
				INFOPLIST_FILE = SpriteKitTest/Info.plist;
				LD_RUNPATH_SEARCH_PATHS = "$(inherited) @executable_path/Frameworks";
				PRODUCT_BUNDLE_IDENTIFIER = com.modium.SpriteKitTest;
				PRODUCT_NAME = "$(TARGET_NAME)";
				SWIFT_VERSION = 4.0;
				TARGETED_DEVICE_FAMILY = "1,2";
			};
			name = Debug;
		};
		3CFEEEBE1FD372DF0027EE49 /* Release */ = {
			isa = XCBuildConfiguration;
			buildSettings = {
				ASSETCATALOG_COMPILER_APPICON_NAME = AppIcon;
				CODE_SIGN_STYLE = Automatic;
				DEVELOPMENT_TEAM = M467D9Z2F8;
				INFOPLIST_FILE = SpriteKitTest/Info.plist;
				LD_RUNPATH_SEARCH_PATHS = "$(inherited) @executable_path/Frameworks";
				PRODUCT_BUNDLE_IDENTIFIER = com.modium.SpriteKitTest;
				PRODUCT_NAME = "$(TARGET_NAME)";
				SWIFT_VERSION = 4.0;
				TARGETED_DEVICE_FAMILY = "1,2";
			};
			name = Release;
		};
		3CFEEEC01FD372DF0027EE49 /* Debug */ = {
			isa = XCBuildConfiguration;
			buildSettings = {
				ALWAYS_EMBED_SWIFT_STANDARD_LIBRARIES = YES;
				BUNDLE_LOADER = "$(TEST_HOST)";
				CODE_SIGN_STYLE = Automatic;
				DEVELOPMENT_TEAM = M467D9Z2F8;
				INFOPLIST_FILE = SpriteKitTestTests/Info.plist;
				LD_RUNPATH_SEARCH_PATHS = "$(inherited) @executable_path/Frameworks @loader_path/Frameworks";
				PRODUCT_BUNDLE_IDENTIFIER = com.modium.SpriteKitTestTests;
				PRODUCT_NAME = "$(TARGET_NAME)";
				SWIFT_VERSION = 4.0;
				TARGETED_DEVICE_FAMILY = "1,2";
				TEST_HOST = "$(BUILT_PRODUCTS_DIR)/SpriteKitTest.app/SpriteKitTest";
			};
			name = Debug;
		};
		3CFEEEC11FD372DF0027EE49 /* Release */ = {
			isa = XCBuildConfiguration;
			buildSettings = {
				ALWAYS_EMBED_SWIFT_STANDARD_LIBRARIES = YES;
				BUNDLE_LOADER = "$(TEST_HOST)";
				CODE_SIGN_STYLE = Automatic;
				DEVELOPMENT_TEAM = M467D9Z2F8;
				INFOPLIST_FILE = SpriteKitTestTests/Info.plist;
				LD_RUNPATH_SEARCH_PATHS = "$(inherited) @executable_path/Frameworks @loader_path/Frameworks";
				PRODUCT_BUNDLE_IDENTIFIER = com.modium.SpriteKitTestTests;
				PRODUCT_NAME = "$(TARGET_NAME)";
				SWIFT_VERSION = 4.0;
				TARGETED_DEVICE_FAMILY = "1,2";
				TEST_HOST = "$(BUILT_PRODUCTS_DIR)/SpriteKitTest.app/SpriteKitTest";
			};
			name = Release;
		};
		3CFEEEC31FD372DF0027EE49 /* Debug */ = {
			isa = XCBuildConfiguration;
			buildSettings = {
				ALWAYS_EMBED_SWIFT_STANDARD_LIBRARIES = YES;
				CODE_SIGN_STYLE = Automatic;
				DEVELOPMENT_TEAM = M467D9Z2F8;
				INFOPLIST_FILE = SpriteKitTestUITests/Info.plist;
				LD_RUNPATH_SEARCH_PATHS = "$(inherited) @executable_path/Frameworks @loader_path/Frameworks";
				PRODUCT_BUNDLE_IDENTIFIER = com.modium.SpriteKitTestUITests;
				PRODUCT_NAME = "$(TARGET_NAME)";
				SWIFT_VERSION = 4.0;
				TARGETED_DEVICE_FAMILY = "1,2";
				TEST_TARGET_NAME = SpriteKitTest;
			};
			name = Debug;
		};
		3CFEEEC41FD372DF0027EE49 /* Release */ = {
			isa = XCBuildConfiguration;
			buildSettings = {
				ALWAYS_EMBED_SWIFT_STANDARD_LIBRARIES = YES;
				CODE_SIGN_STYLE = Automatic;
				DEVELOPMENT_TEAM = M467D9Z2F8;
				INFOPLIST_FILE = SpriteKitTestUITests/Info.plist;
				LD_RUNPATH_SEARCH_PATHS = "$(inherited) @executable_path/Frameworks @loader_path/Frameworks";
				PRODUCT_BUNDLE_IDENTIFIER = com.modium.SpriteKitTestUITests;
				PRODUCT_NAME = "$(TARGET_NAME)";
				SWIFT_VERSION = 4.0;
				TARGETED_DEVICE_FAMILY = "1,2";
				TEST_TARGET_NAME = SpriteKitTest;
			};
			name = Release;
		};
/* End XCBuildConfiguration section */

/* Begin XCConfigurationList section */
		3CFEEE8B1FD372DF0027EE49 /* Build configuration list for PBXProject "SpriteKitTest" */ = {
			isa = XCConfigurationList;
			buildConfigurations = (
				3CFEEEBA1FD372DF0027EE49 /* Debug */,
				3CFEEEBB1FD372DF0027EE49 /* Release */,
			);
			defaultConfigurationIsVisible = 0;
			defaultConfigurationName = Release;
		};
		3CFEEEBC1FD372DF0027EE49 /* Build configuration list for PBXNativeTarget "SpriteKitTest" */ = {
			isa = XCConfigurationList;
			buildConfigurations = (
				3CFEEEBD1FD372DF0027EE49 /* Debug */,
				3CFEEEBE1FD372DF0027EE49 /* Release */,
			);
			defaultConfigurationIsVisible = 0;
			defaultConfigurationName = Release;
		};
		3CFEEEBF1FD372DF0027EE49 /* Build configuration list for PBXNativeTarget "SpriteKitTestTests" */ = {
			isa = XCConfigurationList;
			buildConfigurations = (
				3CFEEEC01FD372DF0027EE49 /* Debug */,
				3CFEEEC11FD372DF0027EE49 /* Release */,
			);
			defaultConfigurationIsVisible = 0;
			defaultConfigurationName = Release;
		};
		3CFEEEC21FD372DF0027EE49 /* Build configuration list for PBXNativeTarget "SpriteKitTestUITests" */ = {
			isa = XCConfigurationList;
			buildConfigurations = (
				3CFEEEC31FD372DF0027EE49 /* Debug */,
				3CFEEEC41FD372DF0027EE49 /* Release */,
			);
			defaultConfigurationIsVisible = 0;
			defaultConfigurationName = Release;
		};
/* End XCConfigurationList section */
	};
	rootObject = 3CFEEE881FD372DF0027EE49 /* Project object */;
}
